
Microsoft Visual Studio Solution File, Format Version 12.00
# Visual Studio 2013
Project("{FAE04EC0-301F-11D3-BF4B-00C04F79EFBC}") = "UnityVS.TaidouARPG.CSharp.Plugins", "UnityVS.TaidouARPG.CSharp.Plugins.csproj", "{9319D8D4-6E38-A3DE-5CE9-CBEC1894CBDE}"
EndProject
Project("{FAE04EC0-301F-11D3-BF4B-00C04F79EFBC}") = "UnityVS.TaidouARPG.CSharp", "UnityVS.TaidouARPG.CSharp.csproj", "{0311F118-F1C6-E705-8E8E-E46588305382}"
EndProject
Project("{FAE04EC0-301F-11D3-BF4B-00C04F79EFBC}") = "UnityVS.TaidouARPG.CSharp.Editor", "UnityVS.TaidouARPG.CSharp.Editor.csproj", "{537B5F95-368D-711D-8021-CEFC9BA6B82D}"
EndProject
Global
	GlobalSection(SolutionConfigurationPlatforms) = preSolution
		Debug|Any CPU = Debug|Any CPU
		Release|Any CPU = Release|Any CPU
	EndGlobalSection
	GlobalSection(ProjectConfigurationPlatforms) = postSolution
		{9319D8D4-6E38-A3DE-5CE9-CBEC1894CBDE}.Debug|Any CPU.ActiveCfg = Debug|Any CPU
		{9319D8D4-6E38-A3DE-5CE9-CBEC1894CBDE}.Debug|Any CPU.Build.0 = Debug|Any CPU
		{9319D8D4-6E38-A3DE-5CE9-CBEC1894CBDE}.Release|Any CPU.ActiveCfg = Release|Any CPU
		{9319D8D4-6E38-A3DE-5CE9-CBEC1894CBDE}.Release|Any CPU.Build.0 = Release|Any CPU
		{0311F118-F1C6-E705-8E8E-E46588305382}.Debug|Any CPU.ActiveCfg = Debug|Any CPU
		{0311F118-F1C6-E705-8E8E-E46588305382}.Debug|Any CPU.Build.0 = Debug|Any CPU
		{0311F118-F1C6-E705-8E8E-E46588305382}.Release|Any CPU.ActiveCfg = Release|Any CPU
		{0311F118-F1C6-E705-8E8E-E46588305382}.Release|Any CPU.Build.0 = Release|Any CPU
		{537B5F95-368D-711D-8021-CEFC9BA6B82D}.Debug|Any CPU.ActiveCfg = Debug|Any CPU
		{537B5F95-368D-711D-8021-CEFC9BA6B82D}.Debug|Any CPU.Build.0 = Debug|Any CPU
		{537B5F95-368D-711D-8021-CEFC9BA6B82D}.Release|Any CPU.ActiveCfg = Release|Any CPU
		{537B5F95-368D-711D-8021-CEFC9BA6B82D}.Release|Any CPU.Build.0 = Release|Any CPU
	EndGlobalSection
	GlobalSection(SolutionProperties) = preSolution
		HideSolutionNode = FALSE
	EndGlobalSection
EndGlobal
